PODS:
  - agora_rtc_engine (1.0.5):
    - AgoraRtcEngine_iOS (= 2.9.1)
    - Flutter
  - AgoraRtcEngine_iOS (2.9.1)
  - Flutter (1.0.0)
  - "permission_handler (4.4.0+hotfix.4)":
    - Flutter

DEPENDENCIES:
  - agora_rtc_engine (from `.symlinks/plugins/agora_rtc_engine/ios`)
  - Flutter (from `Flutter`)
  - permission_handler (from `.symlinks/plugins/permission_handler/ios`)

SPEC REPOS:
  trunk:
    - AgoraRtcEngine_iOS

EXTERNAL SOURCES:
  agora_rtc_engine:
    :path: ".symlinks/plugins/agora_rtc_engine/ios"
  Flutter:
    :path: Flutter
  permission_handler:
    :path: ".symlinks/plugins/permission_handler/ios"

SPEC CHECKSUMS:
  agora_rtc_engine: e45c7d4fd42f3f679195a56c5c9cdc61f6818ea1
  AgoraRtcEngine_iOS: b2eedd8f9ab47b71163f3285e836bd23feb43fff
  Flutter: 434fef37c0980e73bb6479ef766c45957d4b510c
  permission_handler: 8278954f2382902f63f00dd8828769c0bd6d511b

PODFILE CHECKSUM: aafe91acc616949ddb318b77800a7f51bffa2a4c

COCOAPODS: 1.10.1
